
Microsoft Visual Studio Solution File, Format Version 12.00
# Visual Studio Version 17
VisualStudioVersion = 17.0.31903.59
MinimumVisualStudioVersion = 10.0.40219.1
Project("{FAE04EC0-301F-11D3-BF4B-00C04F79EFBC}") = "identity-provider", "identity-provider\identity-provider.csproj", "{0AFA5284-2F65-4E21-8355-2C5820EBD960}"
EndProject
Project("{FAE04EC0-301F-11D3-BF4B-00C04F79EFBC}") = "mvc-app", "mvc-app\mvc-app.csproj", "{CA689C29-5474-4EBF-A9CD-9998DA5C9009}"
EndProject
Project("{FAE04EC0-301F-11D3-BF4B-00C04F79EFBC}") = "secured-api", "secured-api\secured-api.csproj", "{3C2C41E9-76B3-48F9-80C6-0583D7F864AB}"
EndProject
Project("{FAE04EC0-301F-11D3-BF4B-00C04F79EFBC}") = "console-generate-key", "console-generate-key\console-generate-key.csproj", "{448ECFDC-C66B-423F-86A7-E49AC37088A5}"
EndProject
Global
	GlobalSection(SolutionConfigurationPlatforms) = preSolution
		Debug|Any CPU = Debug|Any CPU
		Release|Any CPU = Release|Any CPU
	EndGlobalSection
	GlobalSection(SolutionProperties) = preSolution
		HideSolutionNode = FALSE
	EndGlobalSection
	GlobalSection(ProjectConfigurationPlatforms) = postSolution
		{0AFA5284-2F65-4E21-8355-2C5820EBD960}.Debug|Any CPU.ActiveCfg = Debug|Any CPU
		{0AFA5284-2F65-4E21-8355-2C5820EBD960}.Debug|Any CPU.Build.0 = Debug|Any CPU
		{0AFA5284-2F65-4E21-8355-2C5820EBD960}.Release|Any CPU.ActiveCfg = Release|Any CPU
		{0AFA5284-2F65-4E21-8355-2C5820EBD960}.Release|Any CPU.Build.0 = Release|Any CPU
		{CA689C29-5474-4EBF-A9CD-9998DA5C9009}.Debug|Any CPU.ActiveCfg = Debug|Any CPU
		{CA689C29-5474-4EBF-A9CD-9998DA5C9009}.Debug|Any CPU.Build.0 = Debug|Any CPU
		{CA689C29-5474-4EBF-A9CD-9998DA5C9009}.Release|Any CPU.ActiveCfg = Release|Any CPU
		{CA689C29-5474-4EBF-A9CD-9998DA5C9009}.Release|Any CPU.Build.0 = Release|Any CPU
		{3C2C41E9-76B3-48F9-80C6-0583D7F864AB}.Debug|Any CPU.ActiveCfg = Debug|Any CPU
		{3C2C41E9-76B3-48F9-80C6-0583D7F864AB}.Debug|Any CPU.Build.0 = Debug|Any CPU
		{3C2C41E9-76B3-48F9-80C6-0583D7F864AB}.Release|Any CPU.ActiveCfg = Release|Any CPU
		{3C2C41E9-76B3-48F9-80C6-0583D7F864AB}.Release|Any CPU.Build.0 = Release|Any CPU
		{448ECFDC-C66B-423F-86A7-E49AC37088A5}.Debug|Any CPU.ActiveCfg = Debug|Any CPU
		{448ECFDC-C66B-423F-86A7-E49AC37088A5}.Debug|Any CPU.Build.0 = Debug|Any CPU
		{448ECFDC-C66B-423F-86A7-E49AC37088A5}.Release|Any CPU.ActiveCfg = Release|Any CPU
		{448ECFDC-C66B-423F-86A7-E49AC37088A5}.Release|Any CPU.Build.0 = Release|Any CPU
	EndGlobalSection
EndGlobal
